// !$*UTF8*$!
{
	archiveVersion = 1;
	classes = {
	};
	objectVersion = 46;
	objects = {

/* Begin PBXBuildFile section */
		D0B970C31F0F14B700696CA8 /* AppDelegate.swift in Sources */ = {isa = PBXBuildFile; fileRef = D0B970C21F0F14B700696CA8 /* AppDelegate.swift */; };
		D0B970C51F0F14B700696CA8 /* ViewController.swift in Sources */ = {isa = PBXBuildFile; fileRef = D0B970C41F0F14B700696CA8 /* ViewController.swift */; };
		D0B970C81F0F14B700696CA8 /* Main.storyboard in Resources */ = {isa = PBXBuildFile; fileRef = D0B970C61F0F14B700696CA8 /* Main.storyboard */; };
		D0B970CA1F0F14B800696CA8 /* Assets.xcassets in Resources */ = {isa = PBXBuildFile; fileRef = D0B970C91F0F14B800696CA8 /* Assets.xcassets */; };
		D0B970CD1F0F14B800696CA8 /* LaunchScreen.storyboard in Resources */ = {isa = PBXBuildFile; fileRef = D0B970CB1F0F14B800696CA8 /* LaunchScreen.storyboard */; };
		D0B970D51F0F2DAF00696CA8 /* definitionViewController.swift in Sources */ = {isa = PBXBuildFile; fileRef = D0B970D41F0F2DAF00696CA8 /* definitionViewController.swift */; };
/* End PBXBuildFile section */

/* Begin PBXFileReference section */
		D0B970BF1F0F14B700696CA8 /* emoji Dictionary.app */ = {isa = PBXFileReference; explicitFileType = wrapper.application; includeInIndex = 0; path = "emoji Dictionary.app"; sourceTree = BUILT_PRODUCTS_DIR; };
		D0B970C21F0F14B700696CA8 /* AppDelegate.swift */ = {isa = PBXFileReference; lastKnownFileType = sourcecode.swift; path = AppDelegate.swift; sourceTree = "<group>"; };
		D0B970C41F0F14B700696CA8 /* ViewController.swift */ = {isa = PBXFileReference; lastKnownFileType = sourcecode.swift; path = ViewController.swift; sourceTree = "<group>"; };
		D0B970C71F0F14B700696CA8 /* Base */ = {isa = PBXFileReference; lastKnownFileType = file.storyboard; name = Base; path = Base.lproj/Main.storyboard; sourceTree = "<group>"; };
		D0B970C91F0F14B800696CA8 /* Assets.xcassets */ = {isa = PBXFileReference; lastKnownFileType = folder.assetcatalog; path = Assets.xcassets; sourceTree = "<group>"; };
		D0B970CC1F0F14B800696CA8 /* Base */ = {isa = PBXFileReference; lastKnownFileType = file.storyboard; name = Base; path = Base.lproj/LaunchScreen.storyboard; sourceTree = "<group>"; };
		D0B970CE1F0F14B800696CA8 /* Info.plist */ = {isa = PBXFileReference; lastKnownFileType = text.plist.xml; path = Info.plist; sourceTree = "<group>"; };
		D0B970D41F0F2DAF00696CA8 /* definitionViewController.swift */ = {isa = PBXFileReference; fileEncoding = 4; lastKnownFileType = sourcecode.swift; name = definitionViewController.swift; path = ../definitionViewController.swift; sourceTree = "<group>"; };
/* End PBXFileReference section */

/* Begin PBXFrameworksBuildPhase section */
		D0B970BC1F0F14B700696CA8 /* Frameworks */ = {
			isa = PBXFrameworksBuildPhase;
			buildActionMask = 2147483647;
			files = (
			);
			runOnlyForDeploymentPostprocessing = 0;
		};
/* End PBXFrameworksBuildPhase section */

/* Begin PBXGroup section */
		D0B970B61F0F14B600696CA8 = {
			isa = PBXGroup;
			children = (
				D0B970C11F0F14B700696CA8 /* emoji Dictionary */,
				D0B970C01F0F14B700696CA8 /* Products */,
			);
			sourceTree = "<group>";
		};
		D0B970C01F0F14B700696CA8 /* Products */ = {
			isa = PBXGroup;
			children = (
				D0B970BF1F0F14B700696CA8 /* emoji Dictionary.app */,
			);
			name = Products;
			sourceTree = "<group>";
		};
		D0B970C11F0F14B700696CA8 /* emoji Dictionary */ = {
			isa = PBXGroup;
			children = (
				D0B970C21F0F14B700696CA8 /* AppDelegate.swift */,
				D0B970C41F0F14B700696CA8 /* ViewController.swift */,
				D0B970D41F0F2DAF00696CA8 /* definitionViewController.swift */,
				D0B970C61F0F14B700696CA8 /* Main.storyboard */,
				D0B970C91F0F14B800696CA8 /* Assets.xcassets */,
				D0B970CB1F0F14B800696CA8 /* LaunchScreen.storyboard */,
				D0B970CE1F0F14B800696CA8 /* Info.plist */,
			);
			path = "emoji Dictionary";
			sourceTree = "<group>";
		};
/* End PBXGroup section */

/* Begin PBXNativeTarget section */
		D0B970BE1F0F14B700696CA8 /* emoji Dictionary */ = {
			isa = PBXNativeTarget;
			buildConfigurationList = D0B970D11F0F14B800696CA8 /* Build configuration list for PBXNativeTarget "emoji Dictionary" */;
			buildPhases = (
				D0B970BB1F0F14B700696CA8 /* Sources */,
				D0B970BC1F0F14B700696CA8 /* Frameworks */,
				D0B970BD1F0F14B700696CA8 /* Resources */,
			);
			buildRules = (
			);
			dependencies = (
			);
			name = "emoji Dictionary";
			productName = "emoji Dictionary";
			productReference = D0B970BF1F0F14B700696CA8 /* emoji Dictionary.app */;
			productType = "com.apple.product-type.application";
		};
/* End PBXNativeTarget section */

/* Begin PBXProject section */
		D0B970B71F0F14B600696CA8 /* Project object */ = {
			isa = PBXProject;
			attributes = {
				LastSwiftUpdateCheck = 0830;
				LastUpgradeCheck = 0830;
				ORGANIZATIONNAME = "Sebastián Mancheno";
				TargetAttributes = {
					D0B970BE1F0F14B700696CA8 = {
						CreatedOnToolsVersion = 8.3.3;
						ProvisioningStyle = Automatic;
					};
				};
			};
			buildConfigurationList = D0B970BA1F0F14B600696CA8 /* Build configuration list for PBXProject "emoji Dictionary" */;
			compatibilityVersion = "Xcode 3.2";
			developmentRegion = English;
			hasScannedForEncodings = 0;
			knownRegions = (
				en,
				Base,
			);
			mainGroup = D0B970B61F0F14B600696CA8;
			productRefGroup = D0B970C01F0F14B700696CA8 /* Products */;
			projectDirPath = "";
			projectRoot = "";
			targets = (
				D0B970BE1F0F14B700696CA8 /* emoji Dictionary */,
			);
		};
/* End PBXProject section */

/* Begin PBXResourcesBuildPhase section */
		D0B970BD1F0F14B700696CA8 /* Resources */ = {
			isa = PBXResourcesBuildPhase;
			buildActionMask = 2147483647;
			files = (
				D0B970CD1F0F14B800696CA8 /* LaunchScreen.storyboard in Resources */,
				D0B970CA1F0F14B800696CA8 /* Assets.xcassets in Resources */,
				D0B970C81F0F14B700696CA8 /* Main.storyboard in Resources */,
			);
			runOnlyForDeploymentPostprocessing = 0;
		};
/* End PBXResourcesBuildPhase section */

/* Begin PBXSourcesBuildPhase section */
		D0B970BB1F0F14B700696CA8 /* Sources */ = {
			isa = PBXSourcesBuildPhase;
			buildActionMask = 2147483647;
			files = (
				D0B970D51F0F2DAF00696CA8 /* definitionViewController.swift in Sources */,
				D0B970C51F0F14B700696CA8 /* ViewController.swift in Sources */,
				D0B970C31F0F14B700696CA8 /* AppDelegate.swift in Sources */,
			);
			runOnlyForDeploymentPostprocessing = 0;
		};
/* End PBXSourcesBuildPhase section */

/* Begin PBXVariantGroup section */
		D0B970C61F0F14B700696CA8 /* Main.storyboard */ = {
			isa = PBXVariantGroup;
			children = (
				D0B970C71F0F14B700696CA8 /* Base */,
			);
			name = Main.storyboard;
			sourceTree = "<group>";
		};
		D0B970CB1F0F14B800696CA8 /* LaunchScreen.storyboard */ = {
			isa = PBXVariantGroup;
			children = (
				D0B970CC1F0F14B800696CA8 /* Base */,
			);
			name = LaunchScreen.storyboard;
			sourceTree = "<group>";
		};
/* End PBXVariantGroup section */

/* Begin XCBuildConfiguration section */
		D0B970CF1F0F14B800696CA8 /* Debug */ = {
			isa = XCBuildConfiguration;
			buildSettings = {
				ALWAYS_SEARCH_USER_PATHS = NO;
				CLANG_ANALYZER_NONNULL = YES;
				CLANG_ANALYZER_NUMBER_OBJECT_CONVERSION = YES_AGGRESSIVE;
				CLANG_CXX_LANGUAGE_STANDARD = "gnu++0x";
				CLANG_CXX_LIBRARY = "libc++";
				CLANG_ENABLE_MODULES = YES;
				CLANG_ENABLE_OBJC_ARC = YES;
				CLANG_WARN_BOOL_CONVERSION = YES;
				CLANG_WARN_CONSTANT_CONVERSION = YES;
				CLANG_WARN_DIRECT_OBJC_ISA_USAGE = YES_ERROR;
				CLANG_WARN_DOCUMENTATION_COMMENTS = YES;
				CLANG_WARN_EMPTY_BODY = YES;
				CLANG_WARN_ENUM_CONVERSION = YES;
				CLANG_WARN_INFINITE_RECURSION = YES;
				CLANG_WARN_INT_CONVERSION = YES;
				CLANG_WARN_OBJC_ROOT_CLASS = YES_ERROR;
				CLANG_WARN_SUSPICIOUS_MOVE = YES;
				CLANG_WARN_UNREACHABLE_CODE = YES;
				CLANG_WARN__DUPLICATE_METHOD_MATCH = YES;
				"CODE_SIGN_IDENTITY[sdk=iphoneos*]" = "iPhone Developer";
				COPY_PHASE_STRIP = NO;
				DEBUG_INFORMATION_FORMAT = dwarf;
				ENABLE_STRICT_OBJC_MSGSEND = YES;
				ENABLE_TESTABILITY = YES;
				GCC_C_LANGUAGE_STANDARD = gnu99;
				GCC_DYNAMIC_NO_PIC = NO;
				GCC_NO_COMMON_BLOCKS = YES;
				GCC_OPTIMIZATION_LEVEL = 0;
				GCC_PREPROCESSOR_DEFINITIONS = (
					"DEBUG=1",
					"$(inherited)",
				);
				GCC_WARN_64_TO_32_BIT_CONVERSION = YES;
				GCC_WARN_ABOUT_RETURN_TYPE = YES_ERROR;
				GCC_WARN_UNDECLARED_SELECTOR = YES;
				GCC_WARN_UNINITIALIZED_AUTOS = YES_AGGRESSIVE;
				GCC_WARN_UNUSED_FUNCTION = YES;
				GCC_WARN_UNUSED_VARIABLE = YES;
				IPHONEOS_DEPLOYMENT_TARGET = 10.3;
				MTL_ENABLE_DEBUG_INFO = YES;
				ONLY_ACTIVE_ARCH = YES;
				SDKROOT = iphoneos;
				SWIFT_ACTIVE_COMPILATION_CONDITIONS = DEBUG;
				SWIFT_OPTIMIZATION_LEVEL = "-Onone";
				TARGETED_DEVICE_FAMILY = "1,2";
			};
			name = Debug;
		};
		D0B970D01F0F14B800696CA8 /* Release */ = {
			isa = XCBuildConfiguration;
			buildSettings = {
				ALWAYS_SEARCH_USER_PATHS = NO;
				CLANG_ANALYZER_NONNULL = YES;
				CLANG_ANALYZER_NUMBER_OBJECT_CONVERSION = YES_AGGRESSIVE;
				CLANG_CXX_LANGUAGE_STANDARD = "gnu++0x";
				CLANG_CXX_LIBRARY = "libc++";
				CLANG_ENABLE_MODULES = YES;
				CLANG_ENABLE_OBJC_ARC = YES;
				CLANG_WARN_BOOL_CONVERSION = YES;
				CLANG_WARN_CONSTANT_CONVERSION = YES;
				CLANG_WARN_DIRECT_OBJC_ISA_USAGE = YES_ERROR;
				CLANG_WARN_DOCUMENTATION_COMMENTS = YES;
				CLANG_WARN_EMPTY_BODY = YES;
				CLANG_WARN_ENUM_CONVERSION = YES;
				CLANG_WARN_INFINITE_RECURSION = YES;
				CLANG_WARN_INT_CONVERSION = YES;
				CLANG_WARN_OBJC_ROOT_CLASS = YES_ERROR;
				CLANG_WARN_SUSPICIOUS_MOVE = YES;
				CLANG_WARN_UNREACHABLE_CODE = YES;
				CLANG_WARN__DUPLICATE_METHOD_MATCH = YES;
				"CODE_SIGN_IDENTITY[sdk=iphoneos*]" = "iPhone Developer";
				COPY_PHASE_STRIP = NO;
				DEBUG_INFORMATION_FORMAT = "dwarf-with-dsym";
				ENABLE_NS_ASSERTIONS = NO;
				ENABLE_STRICT_OBJC_MSGSEND = YES;
				GCC_C_LANGUAGE_STANDARD = gnu99;
				GCC_NO_COMMON_BLOCKS = YES;
				GCC_WARN_64_TO_32_BIT_CONVERSION = YES;
				GCC_WARN_ABOUT_RETURN_TYPE = YES_ERROR;
				GCC_WARN_UNDECLARED_SELECTOR = YES;
				GCC_WARN_UNINITIALIZED_AUTOS = YES_AGGRESSIVE;
				GCC_WARN_UNUSED_FUNCTION = YES;
				GCC_WARN_UNUSED_VARIABLE = YES;
				IPHONEOS_DEPLOYMENT_TARGET = 10.3;
				MTL_ENABLE_DEBUG_INFO = NO;
				SDKROOT = iphoneos;
				SWIFT_OPTIMIZATION_LEVEL = "-Owholemodule";
				TARGETED_DEVICE_FAMILY = "1,2";
				VALIDATE_PRODUCT = YES;
			};
			name = Release;
		};
		D0B970D21F0F14B800696CA8 /* Debug */ = {
			isa = XCBuildConfiguration;
			buildSettings = {
				ASSETCATALOG_COMPILER_APPICON_NAME = AppIcon;
				INFOPLIST_FILE = "emoji Dictionary/Info.plist";
				LD_RUNPATH_SEARCH_PATHS = "$(inherited) @executable_path/Frameworks";
				PRODUCT_BUNDLE_IDENTIFIER = "SL2.emoji-Dictionary";
				PRODUCT_NAME = "$(TARGET_NAME)";
				SWIFT_VERSION = 3.0;
			};
			name = Debug;
		};
		D0B970D31F0F14B800696CA8 /* Release */ = {
			isa = XCBuildConfiguration;
			buildSettings = {
				ASSETCATALOG_COMPILER_APPICON_NAME = AppIcon;
				INFOPLIST_FILE = "emoji Dictionary/Info.plist";
				LD_RUNPATH_SEARCH_PATHS = "$(inherited) @executable_path/Frameworks";
				PRODUCT_BUNDLE_IDENTIFIER = "SL2.emoji-Dictionary";
				PRODUCT_NAME = "$(TARGET_NAME)";
				SWIFT_VERSION = 3.0;
			};
			name = Release;
		};
/* End XCBuildConfiguration section */

/* Begin XCConfigurationList section */
		D0B970BA1F0F14B600696CA8 /* Build configuration list for PBXProject "emoji Dictionary" */ = {
			isa = XCConfigurationList;
			buildConfigurations = (
				D0B970CF1F0F14B800696CA8 /* Debug */,
				D0B970D01F0F14B800696CA8 /* Release */,
			);
			defaultConfigurationIsVisible = 0;
			defaultConfigurationName = Release;
		};
		D0B970D11F0F14B800696CA8 /* Build configuration list for PBXNativeTarget "emoji Dictionary" */ = {
			isa = XCConfigurationList;
			buildConfigurations = (
				D0B970D21F0F14B800696CA8 /* Debug */,
				D0B970D31F0F14B800696CA8 /* Release */,
			);
			defaultConfigurationIsVisible = 0;
		};
/* End XCConfigurationList section */
	};
	rootObject = D0B970B71F0F14B600696CA8 /* Project object */;
}
